
Microsoft Visual Studio Solution File, Format Version 12.00
# Visual Studio Version 17
VisualStudioVersion = 17.9.34902.65
MinimumVisualStudioVersion = 10.0.40219.1
Project("{FAE04EC0-301F-11D3-BF4B-00C04F79EFBC}") = "FileManagerMockup", "FileManagerMockup\FileManagerMockup.csproj", "{2661CF81-4120-4505-9FBA-63AEE035F090}"
EndProject
Project("{FAE04EC0-301F-11D3-BF4B-00C04F79EFBC}") = "FM.Repository", "FM.Repository\FM.Repository.csproj", "{A5F1BE73-7EA6-423B-8E9B-F857DDE4D276}"
EndProject
Project("{FAE04EC0-301F-11D3-BF4B-00C04F79EFBC}") = "FM.Cqrs", "FM.Cqrs\FM.Cqrs.csproj", "{881C944B-E0A3-4E83-86C6-E692D17FAC10}"
EndProject
Project("{FAE04EC0-301F-11D3-BF4B-00C04F79EFBC}") = "FM.Core", "FM.Core\FM.Core.csproj", "{5037994F-EE53-40CA-8325-C8854B15C563}"
EndProject
Project("{FAE04EC0-301F-11D3-BF4B-00C04F79EFBC}") = "FM.Entity", "FM.Entity\FM.Entity.csproj", "{C605906B-6EBC-4CE2-9080-634E6A8BCC63}"
EndProject
Global
	GlobalSection(SolutionConfigurationPlatforms) = preSolution
		Debug|Any CPU = Debug|Any CPU
		Release|Any CPU = Release|Any CPU
	EndGlobalSection
	GlobalSection(ProjectConfigurationPlatforms) = postSolution
		{2661CF81-4120-4505-9FBA-63AEE035F090}.Debug|Any CPU.ActiveCfg = Debug|Any CPU
		{2661CF81-4120-4505-9FBA-63AEE035F090}.Debug|Any CPU.Build.0 = Debug|Any CPU
		{2661CF81-4120-4505-9FBA-63AEE035F090}.Release|Any CPU.ActiveCfg = Release|Any CPU
		{2661CF81-4120-4505-9FBA-63AEE035F090}.Release|Any CPU.Build.0 = Release|Any CPU
		{A5F1BE73-7EA6-423B-8E9B-F857DDE4D276}.Debug|Any CPU.ActiveCfg = Debug|Any CPU
		{A5F1BE73-7EA6-423B-8E9B-F857DDE4D276}.Debug|Any CPU.Build.0 = Debug|Any CPU
		{A5F1BE73-7EA6-423B-8E9B-F857DDE4D276}.Release|Any CPU.ActiveCfg = Release|Any CPU
		{A5F1BE73-7EA6-423B-8E9B-F857DDE4D276}.Release|Any CPU.Build.0 = Release|Any CPU
		{881C944B-E0A3-4E83-86C6-E692D17FAC10}.Debug|Any CPU.ActiveCfg = Debug|Any CPU
		{881C944B-E0A3-4E83-86C6-E692D17FAC10}.Debug|Any CPU.Build.0 = Debug|Any CPU
		{881C944B-E0A3-4E83-86C6-E692D17FAC10}.Release|Any CPU.ActiveCfg = Release|Any CPU
		{881C944B-E0A3-4E83-86C6-E692D17FAC10}.Release|Any CPU.Build.0 = Release|Any CPU
		{5037994F-EE53-40CA-8325-C8854B15C563}.Debug|Any CPU.ActiveCfg = Debug|Any CPU
		{5037994F-EE53-40CA-8325-C8854B15C563}.Debug|Any CPU.Build.0 = Debug|Any CPU
		{5037994F-EE53-40CA-8325-C8854B15C563}.Release|Any CPU.ActiveCfg = Release|Any CPU
		{5037994F-EE53-40CA-8325-C8854B15C563}.Release|Any CPU.Build.0 = Release|Any CPU
		{C605906B-6EBC-4CE2-9080-634E6A8BCC63}.Debug|Any CPU.ActiveCfg = Debug|Any CPU
		{C605906B-6EBC-4CE2-9080-634E6A8BCC63}.Debug|Any CPU.Build.0 = Debug|Any CPU
		{C605906B-6EBC-4CE2-9080-634E6A8BCC63}.Release|Any CPU.ActiveCfg = Release|Any CPU
		{C605906B-6EBC-4CE2-9080-634E6A8BCC63}.Release|Any CPU.Build.0 = Release|Any CPU
	EndGlobalSection
	GlobalSection(SolutionProperties) = preSolution
		HideSolutionNode = FALSE
	EndGlobalSection
	GlobalSection(ExtensibilityGlobals) = postSolution
		SolutionGuid = {2DB14481-5D9B-4845-ABDE-84FE09C9DEA8}
	EndGlobalSection
EndGlobal
